
Microsoft Visual Studio Solution File, Format Version 12.00
# Visual Studio Version 16
VisualStudioVersion = 16.0.30503.244
MinimumVisualStudioVersion = 10.0.40219.1
Project("{9A19103F-16F7-4668-BE54-9A1E7A4F7556}") = "KarakterUlarTangga", "KarakterUlarTangga\KarakterUlarTangga.csproj", "{1574F03C-71CD-405F-A38C-DEB230D7DE13}"
EndProject
Project("{9A19103F-16F7-4668-BE54-9A1E7A4F7556}") = "coba", "coba\coba.csproj", "{3FE9B3A9-68D5-4072-9149-6C6C62A95724}"
EndProject
Project("{FAE04EC0-301F-11D3-BF4B-00C04F79EFBC}") = "FInal", "FInal\FInal.csproj", "{01B111D1-16A2-4CF4-BCCE-76775E40E9B4}"
EndProject
Global
	GlobalSection(SolutionConfigurationPlatforms) = preSolution
		Debug|Any CPU = Debug|Any CPU
		Release|Any CPU = Release|Any CPU
	EndGlobalSection
	GlobalSection(ProjectConfigurationPlatforms) = postSolution
		{1574F03C-71CD-405F-A38C-DEB230D7DE13}.Debug|Any CPU.ActiveCfg = Debug|Any CPU
		{1574F03C-71CD-405F-A38C-DEB230D7DE13}.Debug|Any CPU.Build.0 = Debug|Any CPU
		{1574F03C-71CD-405F-A38C-DEB230D7DE13}.Release|Any CPU.ActiveCfg = Release|Any CPU
		{1574F03C-71CD-405F-A38C-DEB230D7DE13}.Release|Any CPU.Build.0 = Release|Any CPU
		{3FE9B3A9-68D5-4072-9149-6C6C62A95724}.Debug|Any CPU.ActiveCfg = Debug|Any CPU
		{3FE9B3A9-68D5-4072-9149-6C6C62A95724}.Debug|Any CPU.Build.0 = Debug|Any CPU
		{3FE9B3A9-68D5-4072-9149-6C6C62A95724}.Release|Any CPU.ActiveCfg = Release|Any CPU
		{3FE9B3A9-68D5-4072-9149-6C6C62A95724}.Release|Any CPU.Build.0 = Release|Any CPU
		{01B111D1-16A2-4CF4-BCCE-76775E40E9B4}.Debug|Any CPU.ActiveCfg = Debug|Any CPU
		{01B111D1-16A2-4CF4-BCCE-76775E40E9B4}.Debug|Any CPU.Build.0 = Debug|Any CPU
		{01B111D1-16A2-4CF4-BCCE-76775E40E9B4}.Release|Any CPU.ActiveCfg = Release|Any CPU
		{01B111D1-16A2-4CF4-BCCE-76775E40E9B4}.Release|Any CPU.Build.0 = Release|Any CPU
	EndGlobalSection
	GlobalSection(SolutionProperties) = preSolution
		HideSolutionNode = FALSE
	EndGlobalSection
	GlobalSection(ExtensibilityGlobals) = postSolution
		SolutionGuid = {2DC29B1A-1427-456D-B454-258300B60120}
	EndGlobalSection
EndGlobal
